
Microsoft Visual Studio Solution File, Format Version 12.00
# Visual Studio Version 17
VisualStudioVersion = 17.1.32328.378
MinimumVisualStudioVersion = 10.0.40219.1
Project("{9A19103F-16F7-4668-BE54-9A1E7A4F7556}") = "RazorPizzeria", "RazorPizzeria\RazorPizzeria.csproj", "{296E6FF1-F578-4309-98A3-1E9A00801507}"
EndProject
Project("{2150E333-8FDC-42A3-9474-1A3956D46DE8}") = "Solution Items", "Solution Items", "{3AAB2106-E1A1-4068-993E-09EA5B66247A}"
	ProjectSection(SolutionItems) = preProject
		.editorconfig = .editorconfig
	EndProjectSection
EndProject
Global
	GlobalSection(SolutionConfigurationPlatforms) = preSolution
		Debug|Any CPU = Debug|Any CPU
		Release|Any CPU = Release|Any CPU
	EndGlobalSection
	GlobalSection(ProjectConfigurationPlatforms) = postSolution
		{296E6FF1-F578-4309-98A3-1E9A00801507}.Debug|Any CPU.ActiveCfg = Debug|Any CPU
		{296E6FF1-F578-4309-98A3-1E9A00801507}.Debug|Any CPU.Build.0 = Debug|Any CPU
		{296E6FF1-F578-4309-98A3-1E9A00801507}.Release|Any CPU.ActiveCfg = Release|Any CPU
		{296E6FF1-F578-4309-98A3-1E9A00801507}.Release|Any CPU.Build.0 = Release|Any CPU
	EndGlobalSection
	GlobalSection(SolutionProperties) = preSolution
		HideSolutionNode = FALSE
	EndGlobalSection
	GlobalSection(ExtensibilityGlobals) = postSolution
		SolutionGuid = {1D49EBC8-2212-4DC6-9B0B-22DB22E94ACB}
	EndGlobalSection
EndGlobal
